
Microsoft Visual Studio Solution File, Format Version 12.00
# Visual Studio 15
VisualStudioVersion = 15.0.28307.168
MinimumVisualStudioVersion = 10.0.40219.1
Project("{FAE04EC0-301F-11D3-BF4B-00C04F79EFBC}") = "ConsoleApp4", "ConsoleApp4\ConsoleApp4.csproj", "{691F4842-4995-4BED-857E-1DC66398F963}"
EndProject
Global
	GlobalSection(SolutionConfigurationPlatforms) = preSolution
		Debug|Any CPU = Debug|Any CPU
		Release|Any CPU = Release|Any CPU
	EndGlobalSection
	GlobalSection(ProjectConfigurationPlatforms) = postSolution
		{691F4842-4995-4BED-857E-1DC66398F963}.Debug|Any CPU.ActiveCfg = Debug|Any CPU
		{691F4842-4995-4BED-857E-1DC66398F963}.Debug|Any CPU.Build.0 = Debug|Any CPU
		{691F4842-4995-4BED-857E-1DC66398F963}.Release|Any CPU.ActiveCfg = Release|Any CPU
		{691F4842-4995-4BED-857E-1DC66398F963}.Release|Any CPU.Build.0 = Release|Any CPU
	EndGlobalSection
	GlobalSection(SolutionProperties) = preSolution
		HideSolutionNode = FALSE
	EndGlobalSection
	GlobalSection(ExtensibilityGlobals) = postSolution
		SolutionGuid = {BEF5167B-E3FD-4BAC-A374-8FD8CD2662EA}
	EndGlobalSection
EndGlobal
